
Microsoft Visual Studio Solution File, Format Version 12.00
# Visual Studio Version 16
VisualStudioVersion = 16.0.30517.126
MinimumVisualStudioVersion = 10.0.40219.1
Project("{FAE04EC0-301F-11D3-BF4B-00C04F79EFBC}") = "Backend", "Backend\Backend.csproj", "{81908900-E246-4443-B57D-2DCA62E8B5FA}"
EndProject
Global
	GlobalSection(SolutionConfigurationPlatforms) = preSolution
		Debug|Any CPU = Debug|Any CPU
		Release|Any CPU = Release|Any CPU
	EndGlobalSection
	GlobalSection(ProjectConfigurationPlatforms) = postSolution
		{81908900-E246-4443-B57D-2DCA62E8B5FA}.Debug|Any CPU.ActiveCfg = Debug|Any CPU
		{81908900-E246-4443-B57D-2DCA62E8B5FA}.Debug|Any CPU.Build.0 = Debug|Any CPU
		{81908900-E246-4443-B57D-2DCA62E8B5FA}.Release|Any CPU.ActiveCfg = Release|Any CPU
		{81908900-E246-4443-B57D-2DCA62E8B5FA}.Release|Any CPU.Build.0 = Release|Any CPU
	EndGlobalSection
	GlobalSection(SolutionProperties) = preSolution
		HideSolutionNode = FALSE
	EndGlobalSection
	GlobalSection(ExtensibilityGlobals) = postSolution
		SolutionGuid = {D50EFBAC-B76C-4603-8FD2-99813BB0651A}
	EndGlobalSection
EndGlobal
